Microsoft Visual Studio Solution File, Format Version 12.00
# Visual Studio Version 17
VisualStudioVersion = 17.5.2.0
MinimumVisualStudioVersion = 10.0.40219.1
Project("{FAE04EC0-301F-11D3-BF4B-00C04F79EFBC}") = "pension-vs-index-calculator-backend", "api\pension-vs-index-calculator-backend.csproj", "{AE086153-F850-A11A-25C0-0D5E6669DEFC}"
EndProject
Global
	GlobalSection(SolutionConfigurationPlatforms) = preSolution
		Debug|Any CPU = Debug|Any CPU
		Release|Any CPU = Release|Any CPU
	EndGlobalSection
	GlobalSection(ProjectConfigurationPlatforms) = postSolution
		{AE086153-F850-A11A-25C0-0D5E6669DEFC}.Debug|Any CPU.ActiveCfg = Debug|Any CPU
		{AE086153-F850-A11A-25C0-0D5E6669DEFC}.Debug|Any CPU.Build.0 = Debug|Any CPU
		{AE086153-F850-A11A-25C0-0D5E6669DEFC}.Release|Any CPU.ActiveCfg = Release|Any CPU
		{AE086153-F850-A11A-25C0-0D5E6669DEFC}.Release|Any CPU.Build.0 = Release|Any CPU
	EndGlobalSection
	GlobalSection(SolutionProperties) = preSolution
		HideSolutionNode = FALSE
	EndGlobalSection
	GlobalSection(ExtensibilityGlobals) = postSolution
		SolutionGuid = {53BD5692-104C-4628-9260-487E412D8CDB}
	EndGlobalSection
EndGlobal
